
Microsoft Visual Studio Solution File, Format Version 12.00
# Visual Studio Version 16
VisualStudioVersion = 16.0.31729.503
MinimumVisualStudioVersion = 10.0.40219.1
Project("{9A19103F-16F7-4668-BE54-9A1E7A4F7556}") = "MicroServiceEduDocumentGenerator", "MicroServiceEduDocumentGenerator\MicroServiceEduDocumentGenerator.csproj", "{C6A38D7F-C4A5-41C4-AF09-97834D0A3004}"
EndProject
Project("{E53339B2-1760-4266-BCC7-CA923CBCF16C}") = "docker-compose", "docker-compose.dcproj", "{C40BC709-8DF3-4258-A328-7F83661086D2}"
EndProject
Global
	GlobalSection(SolutionConfigurationPlatforms) = preSolution
		Debug|Any CPU = Debug|Any CPU
		Release|Any CPU = Release|Any CPU
	EndGlobalSection
	GlobalSection(ProjectConfigurationPlatforms) = postSolution
		{C6A38D7F-C4A5-41C4-AF09-97834D0A3004}.Debug|Any CPU.ActiveCfg = Debug|Any CPU
		{C6A38D7F-C4A5-41C4-AF09-97834D0A3004}.Debug|Any CPU.Build.0 = Debug|Any CPU
		{C6A38D7F-C4A5-41C4-AF09-97834D0A3004}.Release|Any CPU.ActiveCfg = Release|Any CPU
		{C6A38D7F-C4A5-41C4-AF09-97834D0A3004}.Release|Any CPU.Build.0 = Release|Any CPU
		{C40BC709-8DF3-4258-A328-7F83661086D2}.Debug|Any CPU.ActiveCfg = Debug|Any CPU
		{C40BC709-8DF3-4258-A328-7F83661086D2}.Debug|Any CPU.Build.0 = Debug|Any CPU
		{C40BC709-8DF3-4258-A328-7F83661086D2}.Release|Any CPU.ActiveCfg = Release|Any CPU
		{C40BC709-8DF3-4258-A328-7F83661086D2}.Release|Any CPU.Build.0 = Release|Any CPU
	EndGlobalSection
	GlobalSection(SolutionProperties) = preSolution
		HideSolutionNode = FALSE
	EndGlobalSection
	GlobalSection(ExtensibilityGlobals) = postSolution
		SolutionGuid = {999CD05D-D9AF-4766-B353-56A95A750848}
	EndGlobalSection
EndGlobal
